
Microsoft Visual Studio Solution File, Format Version 12.00
# Visual Studio Version 17
VisualStudioVersion = 17.0.32112.339
MinimumVisualStudioVersion = 10.0.40219.1
Project("{FAE04EC0-301F-11D3-BF4B-00C04F79EFBC}") = "beratkaansazak2.hafta", "beratkaansazak2.hafta\beratkaansazak2.hafta.csproj", "{2C80445F-EDA6-4F36-B094-58D093C52A6B}"
EndProject
Global
	GlobalSection(SolutionConfigurationPlatforms) = preSolution
		Debug|Any CPU = Debug|Any CPU
		Release|Any CPU = Release|Any CPU
	EndGlobalSection
	GlobalSection(ProjectConfigurationPlatforms) = postSolution
		{2C80445F-EDA6-4F36-B094-58D093C52A6B}.Debug|Any CPU.ActiveCfg = Debug|Any CPU
		{2C80445F-EDA6-4F36-B094-58D093C52A6B}.Debug|Any CPU.Build.0 = Debug|Any CPU
		{2C80445F-EDA6-4F36-B094-58D093C52A6B}.Release|Any CPU.ActiveCfg = Release|Any CPU
		{2C80445F-EDA6-4F36-B094-58D093C52A6B}.Release|Any CPU.Build.0 = Release|Any CPU
	EndGlobalSection
	GlobalSection(SolutionProperties) = preSolution
		HideSolutionNode = FALSE
	EndGlobalSection
	GlobalSection(ExtensibilityGlobals) = postSolution
		SolutionGuid = {45F1F96E-E09D-4B8A-82BC-0EEB8632D3FB}
	EndGlobalSection
EndGlobal
